{
  "nodes": {
    "nixCats": {
      "locked": {
        "lastModified": 1749615682,
        "narHash": "sha256-3T2Yl+xSnx7snXZkMaQNHCvlj0CB+lyAj+Q/+eeh+Ns=",
        "owner": "BirdeeHub",
        "repo": "nixCats-nvim",
        "rev": "c0148957e961100bff3fd213b8a4bc5f669f3028",
        "type": "github"
      },
      "original": {
        "owner": "BirdeeHub",
        "repo": "nixCats-nvim",
        "type": "github"
      }
    },
    "nixpkgs": {
      "locked": {
        "lastModified": 1749558678,
        "narHash": "sha256-DUVAe8E2X2QM0dAnTGlTiqemMqUMMyIeCH7UeNo0g64=",
        "owner": "nixos",
        "repo": "nixpkgs",
        "rev": "a12f3a99614894502e73eb816e9e076b0ab05730",
        "type": "github"
      },
      "original": {
        "owner": "nixos",
        "ref": "nixpkgs-unstable",
        "repo": "nixpkgs",
        "type": "github"
      }
    },
    "root": {
      "inputs": {
        "nixCats": "nixCats",
        "nixpkgs": "nixpkgs"
      }
    }
  },
  "root": "root",
  "version": 7
}
